
Microsoft Visual Studio Solution File, Format Version 12.00
# Visual Studio Version 17
VisualStudioVersion = 17.0.32014.148
MinimumVisualStudioVersion = 10.0.40219.1
Project("{FAE04EC0-301F-11D3-BF4B-00C04F79EFBC}") = "Missao4", "Missao4\Missao4.csproj", "{5340BE87-7174-4C9E-BFEE-0D3BDAEC55EB}"
EndProject
Global
	GlobalSection(SolutionConfigurationPlatforms) = preSolution
		Debug|Any CPU = Debug|Any CPU
		Release|Any CPU = Release|Any CPU
	EndGlobalSection
	GlobalSection(ProjectConfigurationPlatforms) = postSolution
		{5340BE87-7174-4C9E-BFEE-0D3BDAEC55EB}.Debug|Any CPU.ActiveCfg = Debug|Any CPU
		{5340BE87-7174-4C9E-BFEE-0D3BDAEC55EB}.Debug|Any CPU.Build.0 = Debug|Any CPU
		{5340BE87-7174-4C9E-BFEE-0D3BDAEC55EB}.Release|Any CPU.ActiveCfg = Release|Any CPU
		{5340BE87-7174-4C9E-BFEE-0D3BDAEC55EB}.Release|Any CPU.Build.0 = Release|Any CPU
	EndGlobalSection
	GlobalSection(SolutionProperties) = preSolution
		HideSolutionNode = FALSE
	EndGlobalSection
	GlobalSection(ExtensibilityGlobals) = postSolution
		SolutionGuid = {63EDB9E1-C417-4807-9AA3-19346F6C8B99}
	EndGlobalSection
EndGlobal
